
Microsoft Visual Studio Solution File, Format Version 12.00
# Visual Studio Version 17
VisualStudioVersion = 17.3.32929.385
MinimumVisualStudioVersion = 10.0.40219.1
Project("{FAE04EC0-301F-11D3-BF4B-00C04F79EFBC}") = "ConsoleApp3", "ConsoleApp3\ConsoleApp3.csproj", "{22104638-4C49-4595-BF13-7DD3A8CAD98B}"
EndProject
Global
	GlobalSection(SolutionConfigurationPlatforms) = preSolution
		Debug|Any CPU = Debug|Any CPU
		Release|Any CPU = Release|Any CPU
	EndGlobalSection
	GlobalSection(ProjectConfigurationPlatforms) = postSolution
		{22104638-4C49-4595-BF13-7DD3A8CAD98B}.Debug|Any CPU.ActiveCfg = Debug|Any CPU
		{22104638-4C49-4595-BF13-7DD3A8CAD98B}.Debug|Any CPU.Build.0 = Debug|Any CPU
		{22104638-4C49-4595-BF13-7DD3A8CAD98B}.Release|Any CPU.ActiveCfg = Release|Any CPU
		{22104638-4C49-4595-BF13-7DD3A8CAD98B}.Release|Any CPU.Build.0 = Release|Any CPU
	EndGlobalSection
	GlobalSection(SolutionProperties) = preSolution
		HideSolutionNode = FALSE
	EndGlobalSection
	GlobalSection(ExtensibilityGlobals) = postSolution
		SolutionGuid = {C2716117-9448-4233-8A1B-1A7CBF094675}
	EndGlobalSection
EndGlobal
